// !$*UTF8*$!
{
	archiveVersion = 1;
	classes = {
	};
	objectVersion = 55;
	objects = {

/* Begin PBXBuildFile section */
		AD6F12882819758900EF9C1A /* Item.swift in Sources */ = {isa = PBXBuildFile; fileRef = AD6F12872819758900EF9C1A /* Item.swift */; };
		AD6F128D281975FA00EF9C1A /* TodoListManager.swift in Sources */ = {isa = PBXBuildFile; fileRef = AD6F128C281975FA00EF9C1A /* TodoListManager.swift */; };
		AD6F129528197D3100EF9C1A /* ListTestTutorialTests.swift in Sources */ = {isa = PBXBuildFile; fileRef = AD6F129428197D3100EF9C1A /* ListTestTutorialTests.swift */; };
		ADB4EF662818D5A600BDAB38 /* ListTestTutorialApp.swift in Sources */ = {isa = PBXBuildFile; fileRef = ADB4EF652818D5A600BDAB38 /* ListTestTutorialApp.swift */; };
		ADB4EF682818D5A600BDAB38 /* TodoListView.swift in Sources */ = {isa = PBXBuildFile; fileRef = ADB4EF672818D5A600BDAB38 /* TodoListView.swift */; };
		ADB4EF6A2818D5A800BDAB38 /* Assets.xcassets in Resources */ = {isa = PBXBuildFile; fileRef = ADB4EF692818D5A800BDAB38 /* Assets.xcassets */; };
		ADB4EF6D2818D5A800BDAB38 /* Preview Assets.xcassets in Resources */ = {isa = PBXBuildFile; fileRef = ADB4EF6C2818D5A800BDAB38 /* Preview Assets.xcassets */; };
/* End PBXBuildFile section */

/* Begin PBXContainerItemProxy section */
		AD6F129628197D3100EF9C1A /* PBXContainerItemProxy */ = {
			isa = PBXContainerItemProxy;
			containerPortal = ADB4EF5A2818D5A600BDAB38 /* Project object */;
			proxyType = 1;
			remoteGlobalIDString = ADB4EF612818D5A600BDAB38;
			remoteInfo = ListTestTutorial;
		};
/* End PBXContainerItemProxy section */

/* Begin PBXFileReference section */
		AD6F12872819758900EF9C1A /* Item.swift */ = {isa = PBXFileReference; lastKnownFileType = sourcecode.swift; path = Item.swift; sourceTree = "<group>"; };
		AD6F128C281975FA00EF9C1A /* TodoListManager.swift */ = {isa = PBXFileReference; lastKnownFileType = sourcecode.swift; path = TodoListManager.swift; sourceTree = "<group>"; };
		AD6F129228197D3100EF9C1A /* ListTestTutorialTests.xctest */ = {isa = PBXFileReference; explicitFileType = wrapper.cfbundle; includeInIndex = 0; path = ListTestTutorialTests.xctest; sourceTree = BUILT_PRODUCTS_DIR; };
		AD6F129428197D3100EF9C1A /* ListTestTutorialTests.swift */ = {isa = PBXFileReference; lastKnownFileType = sourcecode.swift; path = ListTestTutorialTests.swift; sourceTree = "<group>"; };
		ADB4EF622818D5A600BDAB38 /* ListTestTutorial.app */ = {isa = PBXFileReference; explicitFileType = wrapper.application; includeInIndex = 0; path = ListTestTutorial.app; sourceTree = BUILT_PRODUCTS_DIR; };
		ADB4EF652818D5A600BDAB38 /* ListTestTutorialApp.swift */ = {isa = PBXFileReference; lastKnownFileType = sourcecode.swift; path = ListTestTutorialApp.swift; sourceTree = "<group>"; };
		ADB4EF672818D5A600BDAB38 /* TodoListView.swift */ = {isa = PBXFileReference; lastKnownFileType = sourcecode.swift; path = TodoListView.swift; sourceTree = "<group>"; };
		ADB4EF692818D5A800BDAB38 /* Assets.xcassets */ = {isa = PBXFileReference; lastKnownFileType = folder.assetcatalog; path = Assets.xcassets; sourceTree = "<group>"; };
		ADB4EF6C2818D5A800BDAB38 /* Preview Assets.xcassets */ = {isa = PBXFileReference; lastKnownFileType = folder.assetcatalog; path = "Preview Assets.xcassets"; sourceTree = "<group>"; };
/* End PBXFileReference section */

/* Begin PBXFrameworksBuildPhase section */
		AD6F128F28197D3100EF9C1A /* Frameworks */ = {
			isa = PBXFrameworksBuildPhase;
			buildActionMask = 2147483647;
			files = (
			);
			runOnlyForDeploymentPostprocessing = 0;
		};
		ADB4EF5F2818D5A600BDAB38 /* Frameworks */ = {
			isa = PBXFrameworksBuildPhase;
			buildActionMask = 2147483647;
			files = (
			);
			runOnlyForDeploymentPostprocessing = 0;
		};
/* End PBXFrameworksBuildPhase section */

/* Begin PBXGroup section */
		AD6F12842819755400EF9C1A /* Views */ = {
			isa = PBXGroup;
			children = (
			);
			path = Views;
			sourceTree = "<group>";
		};
		AD6F12852819755A00EF9C1A /* Model */ = {
			isa = PBXGroup;
			children = (
				AD6F12872819758900EF9C1A /* Item.swift */,
			);
			path = Model;
			sourceTree = "<group>";
		};
		AD6F128B281975E200EF9C1A /* View Model */ = {
			isa = PBXGroup;
			children = (
				AD6F128C281975FA00EF9C1A /* TodoListManager.swift */,
			);
			path = "View Model";
			sourceTree = "<group>";
		};
		AD6F129328197D3100EF9C1A /* ListTestTutorialTests */ = {
			isa = PBXGroup;
			children = (
				AD6F129428197D3100EF9C1A /* ListTestTutorialTests.swift */,
			);
			path = ListTestTutorialTests;
			sourceTree = "<group>";
		};
		ADB4EF592818D5A600BDAB38 = {
			isa = PBXGroup;
			children = (
				ADB4EF642818D5A600BDAB38 /* ListTestTutorial */,
				AD6F129328197D3100EF9C1A /* ListTestTutorialTests */,
				ADB4EF632818D5A600BDAB38 /* Products */,
			);
			sourceTree = "<group>";
		};
		ADB4EF632818D5A600BDAB38 /* Products */ = {
			isa = PBXGroup;
			children = (
				ADB4EF622818D5A600BDAB38 /* ListTestTutorial.app */,
				AD6F129228197D3100EF9C1A /* ListTestTutorialTests.xctest */,
			);
			name = Products;
			sourceTree = "<group>";
		};
		ADB4EF642818D5A600BDAB38 /* ListTestTutorial */ = {
			isa = PBXGroup;
			children = (
				ADB4EF652818D5A600BDAB38 /* ListTestTutorialApp.swift */,
				AD6F128B281975E200EF9C1A /* View Model */,
				AD6F12852819755A00EF9C1A /* Model */,
				AD6F12842819755400EF9C1A /* Views */,
				ADB4EF672818D5A600BDAB38 /* TodoListView.swift */,
				ADB4EF692818D5A800BDAB38 /* Assets.xcassets */,
				ADB4EF6B2818D5A800BDAB38 /* Preview Content */,
			);
			path = ListTestTutorial;
			sourceTree = "<group>";
		};
		ADB4EF6B2818D5A800BDAB38 /* Preview Content */ = {
			isa = PBXGroup;
			children = (
				ADB4EF6C2818D5A800BDAB38 /* Preview Assets.xcassets */,
			);
			path = "Preview Content";
			sourceTree = "<group>";
		};
/* End PBXGroup section */

/* Begin PBXNativeTarget section */
		AD6F129128197D3100EF9C1A /* ListTestTutorialTests */ = {
			isa = PBXNativeTarget;
			buildConfigurationList = AD6F129828197D3100EF9C1A /* Build configuration list for PBXNativeTarget "ListTestTutorialTests" */;
			buildPhases = (
				AD6F128E28197D3100EF9C1A /* Sources */,
				AD6F128F28197D3100EF9C1A /* Frameworks */,
				AD6F129028197D3100EF9C1A /* Resources */,
			);
			buildRules = (
			);
			dependencies = (
				AD6F129728197D3100EF9C1A /* PBXTargetDependency */,
			);
			name = ListTestTutorialTests;
			productName = ListTestTutorialTests;
			productReference = AD6F129228197D3100EF9C1A /* ListTestTutorialTests.xctest */;
			productType = "com.apple.product-type.bundle.unit-test";
		};
		ADB4EF612818D5A600BDAB38 /* ListTestTutorial */ = {
			isa = PBXNativeTarget;
			buildConfigurationList = ADB4EF702818D5A800BDAB38 /* Build configuration list for PBXNativeTarget "ListTestTutorial" */;
			buildPhases = (
				ADB4EF5E2818D5A600BDAB38 /* Sources */,
				ADB4EF5F2818D5A600BDAB38 /* Frameworks */,
				ADB4EF602818D5A600BDAB38 /* Resources */,
			);
			buildRules = (
			);
			dependencies = (
			);
			name = ListTestTutorial;
			productName = ListTestTutorial;
			productReference = ADB4EF622818D5A600BDAB38 /* ListTestTutorial.app */;
			productType = "com.apple.product-type.application";
		};
/* End PBXNativeTarget section */

/* Begin PBXProject section */
		ADB4EF5A2818D5A600BDAB38 /* Project object */ = {
			isa = PBXProject;
			attributes = {
				BuildIndependentTargetsInParallel = 1;
				LastSwiftUpdateCheck = 1330;
				LastUpgradeCheck = 1330;
				TargetAttributes = {
					AD6F129128197D3100EF9C1A = {
						CreatedOnToolsVersion = 13.3.1;
						TestTargetID = ADB4EF612818D5A600BDAB38;
					};
					ADB4EF612818D5A600BDAB38 = {
						CreatedOnToolsVersion = 13.3.1;
					};
				};
			};
			buildConfigurationList = ADB4EF5D2818D5A600BDAB38 /* Build configuration list for PBXProject "ListTestTutorial" */;
			compatibilityVersion = "Xcode 13.0";
			developmentRegion = en;
			hasScannedForEncodings = 0;
			knownRegions = (
				en,
				Base,
			);
			mainGroup = ADB4EF592818D5A600BDAB38;
			productRefGroup = ADB4EF632818D5A600BDAB38 /* Products */;
			projectDirPath = "";
			projectRoot = "";
			targets = (
				ADB4EF612818D5A600BDAB38 /* ListTestTutorial */,
				AD6F129128197D3100EF9C1A /* ListTestTutorialTests */,
			);
		};
/* End PBXProject section */

/* Begin PBXResourcesBuildPhase section */
		AD6F129028197D3100EF9C1A /* Resources */ = {
			isa = PBXResourcesBuildPhase;
			buildActionMask = 2147483647;
			files = (
			);
			runOnlyForDeploymentPostprocessing = 0;
		};
		ADB4EF602818D5A600BDAB38 /* Resources */ = {
			isa = PBXResourcesBuildPhase;
			buildActionMask = 2147483647;
			files = (
				ADB4EF6D2818D5A800BDAB38 /* Preview Assets.xcassets in Resources */,
				ADB4EF6A2818D5A800BDAB38 /* Assets.xcassets in Resources */,
			);
			runOnlyForDeploymentPostprocessing = 0;
		};
/* End PBXResourcesBuildPhase section */

/* Begin PBXSourcesBuildPhase section */
		AD6F128E28197D3100EF9C1A /* Sources */ = {
			isa = PBXSourcesBuildPhase;
			buildActionMask = 2147483647;
			files = (
				AD6F129528197D3100EF9C1A /* ListTestTutorialTests.swift in Sources */,
			);
			runOnlyForDeploymentPostprocessing = 0;
		};
		ADB4EF5E2818D5A600BDAB38 /* Sources */ = {
			isa = PBXSourcesBuildPhase;
			buildActionMask = 2147483647;
			files = (
				ADB4EF682818D5A600BDAB38 /* TodoListView.swift in Sources */,
				AD6F128D281975FA00EF9C1A /* TodoListManager.swift in Sources */,
				AD6F12882819758900EF9C1A /* Item.swift in Sources */,
				ADB4EF662818D5A600BDAB38 /* ListTestTutorialApp.swift in Sources */,
			);
			runOnlyForDeploymentPostprocessing = 0;
		};
/* End PBXSourcesBuildPhase section */

/* Begin PBXTargetDependency section */
		AD6F129728197D3100EF9C1A /* PBXTargetDependency */ = {
			isa = PBXTargetDependency;
			target = ADB4EF612818D5A600BDAB38 /* ListTestTutorial */;
			targetProxy = AD6F129628197D3100EF9C1A /* PBXContainerItemProxy */;
		};
/* End PBXTargetDependency section */

/* Begin XCBuildConfiguration section */
		AD6F129928197D3100EF9C1A /* Debug */ = {
			isa = XCBuildConfiguration;
			buildSettings = {
				BUNDLE_LOADER = "$(TEST_HOST)";
				CODE_SIGN_STYLE = Automatic;
				CURRENT_PROJECT_VERSION = 1;
				DEVELOPMENT_TEAM = XW758S68BG;
				GENERATE_INFOPLIST_FILE = YES;
				MARKETING_VERSION = 1.0;
				PRODUCT_BUNDLE_IDENTIFIER = com.mrxx7.ListTestTutorialTests;
				PRODUCT_NAME = "$(TARGET_NAME)";
				SWIFT_EMIT_LOC_STRINGS = NO;
				SWIFT_VERSION = 5.0;
				TARGETED_DEVICE_FAMILY = "1,2";
				TEST_HOST = "$(BUILT_PRODUCTS_DIR)/ListTestTutorial.app/ListTestTutorial";
			};
			name = Debug;
		};
		AD6F129A28197D3100EF9C1A /* Release */ = {
			isa = XCBuildConfiguration;
			buildSettings = {
				BUNDLE_LOADER = "$(TEST_HOST)";
				CODE_SIGN_STYLE = Automatic;
				CURRENT_PROJECT_VERSION = 1;
				DEVELOPMENT_TEAM = XW758S68BG;
				GENERATE_INFOPLIST_FILE = YES;
				MARKETING_VERSION = 1.0;
				PRODUCT_BUNDLE_IDENTIFIER = com.mrxx7.ListTestTutorialTests;
				PRODUCT_NAME = "$(TARGET_NAME)";
				SWIFT_EMIT_LOC_STRINGS = NO;
				SWIFT_VERSION = 5.0;
				TARGETED_DEVICE_FAMILY = "1,2";
				TEST_HOST = "$(BUILT_PRODUCTS_DIR)/ListTestTutorial.app/ListTestTutorial";
			};
			name = Release;
		};
		ADB4EF6E2818D5A800BDAB38 /* Debug */ = {
			isa = XCBuildConfiguration;
			buildSettings = {
				ALWAYS_SEARCH_USER_PATHS = NO;
				CLANG_ANALYZER_NONNULL = YES;
				CLANG_ANALYZER_NUMBER_OBJECT_CONVERSION = YES_AGGRESSIVE;
				CLANG_CXX_LANGUAGE_STANDARD = "gnu++17";
				CLANG_ENABLE_MODULES = YES;
				CLANG_ENABLE_OBJC_ARC = YES;
				CLANG_ENABLE_OBJC_WEAK = YES;
				CLANG_WARN_BLOCK_CAPTURE_AUTORELEASING = YES;
				CLANG_WARN_BOOL_CONVERSION = YES;
				CLANG_WARN_COMMA = YES;
				CLANG_WARN_CONSTANT_CONVERSION = YES;
				CLANG_WARN_DEPRECATED_OBJC_IMPLEMENTATIONS = YES;
				CLANG_WARN_DIRECT_OBJC_ISA_USAGE = YES_ERROR;
				CLANG_WARN_DOCUMENTATION_COMMENTS = YES;
				CLANG_WARN_EMPTY_BODY = YES;
				CLANG_WARN_ENUM_CONVERSION = YES;
				CLANG_WARN_INFINITE_RECURSION = YES;
				CLANG_WARN_INT_CONVERSION = YES;
				CLANG_WARN_NON_LITERAL_NULL_CONVERSION = YES;
				CLANG_WARN_OBJC_IMPLICIT_RETAIN_SELF = YES;
				CLANG_WARN_OBJC_LITERAL_CONVERSION = YES;
				CLANG_WARN_OBJC_ROOT_CLASS = YES_ERROR;
				CLANG_WARN_QUOTED_INCLUDE_IN_FRAMEWORK_HEADER = YES;
				CLANG_WARN_RANGE_LOOP_ANALYSIS = YES;
				CLANG_WARN_STRICT_PROTOTYPES = YES;
				CLANG_WARN_SUSPICIOUS_MOVE = YES;
				CLANG_WARN_UNGUARDED_AVAILABILITY = YES_AGGRESSIVE;
				CLANG_WARN_UNREACHABLE_CODE = YES;
				CLANG_WARN__DUPLICATE_METHOD_MATCH = YES;
				COPY_PHASE_STRIP = NO;
				DEBUG_INFORMATION_FORMAT = dwarf;
				ENABLE_STRICT_OBJC_MSGSEND = YES;
				ENABLE_TESTABILITY = YES;
				GCC_C_LANGUAGE_STANDARD = gnu11;
				GCC_DYNAMIC_NO_PIC = NO;
				GCC_NO_COMMON_BLOCKS = YES;
				GCC_OPTIMIZATION_LEVEL = 0;
				GCC_PREPROCESSOR_DEFINITIONS = (
					"DEBUG=1",
					"$(inherited)",
				);
				GCC_WARN_64_TO_32_BIT_CONVERSION = YES;
				GCC_WARN_ABOUT_RETURN_TYPE = YES_ERROR;
				GCC_WARN_UNDECLARED_SELECTOR = YES;
				GCC_WARN_UNINITIALIZED_AUTOS = YES_AGGRESSIVE;
				GCC_WARN_UNUSED_FUNCTION = YES;
				GCC_WARN_UNUSED_VARIABLE = YES;
				IPHONEOS_DEPLOYMENT_TARGET = 15.4;
				MTL_ENABLE_DEBUG_INFO = INCLUDE_SOURCE;
				MTL_FAST_MATH = YES;
				ONLY_ACTIVE_ARCH = YES;
				SDKROOT = iphoneos;
				SWIFT_ACTIVE_COMPILATION_CONDITIONS = DEBUG;
				SWIFT_OPTIMIZATION_LEVEL = "-Onone";
			};
			name = Debug;
		};
		ADB4EF6F2818D5A800BDAB38 /* Release */ = {
			isa = XCBuildConfiguration;
			buildSettings = {
				ALWAYS_SEARCH_USER_PATHS = NO;
				CLANG_ANALYZER_NONNULL = YES;
				CLANG_ANALYZER_NUMBER_OBJECT_CONVERSION = YES_AGGRESSIVE;
				CLANG_CXX_LANGUAGE_STANDARD = "gnu++17";
				CLANG_ENABLE_MODULES = YES;
				CLANG_ENABLE_OBJC_ARC = YES;
				CLANG_ENABLE_OBJC_WEAK = YES;
				CLANG_WARN_BLOCK_CAPTURE_AUTORELEASING = YES;
				CLANG_WARN_BOOL_CONVERSION = YES;
				CLANG_WARN_COMMA = YES;
				CLANG_WARN_CONSTANT_CONVERSION = YES;
				CLANG_WARN_DEPRECATED_OBJC_IMPLEMENTATIONS = YES;
				CLANG_WARN_DIRECT_OBJC_ISA_USAGE = YES_ERROR;
				CLANG_WARN_DOCUMENTATION_COMMENTS = YES;
				CLANG_WARN_EMPTY_BODY = YES;
				CLANG_WARN_ENUM_CONVERSION = YES;
				CLANG_WARN_INFINITE_RECURSION = YES;
				CLANG_WARN_INT_CONVERSION = YES;
				CLANG_WARN_NON_LITERAL_NULL_CONVERSION = YES;
				CLANG_WARN_OBJC_IMPLICIT_RETAIN_SELF = YES;
				CLANG_WARN_OBJC_LITERAL_CONVERSION = YES;
				CLANG_WARN_OBJC_ROOT_CLASS = YES_ERROR;
				CLANG_WARN_QUOTED_INCLUDE_IN_FRAMEWORK_HEADER = YES;
				CLANG_WARN_RANGE_LOOP_ANALYSIS = YES;
				CLANG_WARN_STRICT_PROTOTYPES = YES;
				CLANG_WARN_SUSPICIOUS_MOVE = YES;
				CLANG_WARN_UNGUARDED_AVAILABILITY = YES_AGGRESSIVE;
				CLANG_WARN_UNREACHABLE_CODE = YES;
				CLANG_WARN__DUPLICATE_METHOD_MATCH = YES;
				COPY_PHASE_STRIP = NO;
				DEBUG_INFORMATION_FORMAT = "dwarf-with-dsym";
				ENABLE_NS_ASSERTIONS = NO;
				ENABLE_STRICT_OBJC_MSGSEND = YES;
				GCC_C_LANGUAGE_STANDARD = gnu11;
				GCC_NO_COMMON_BLOCKS = YES;
				GCC_WARN_64_TO_32_BIT_CONVERSION = YES;
				GCC_WARN_ABOUT_RETURN_TYPE = YES_ERROR;
				GCC_WARN_UNDECLARED_SELECTOR = YES;
				GCC_WARN_UNINITIALIZED_AUTOS = YES_AGGRESSIVE;
				GCC_WARN_UNUSED_FUNCTION = YES;
				GCC_WARN_UNUSED_VARIABLE = YES;
				IPHONEOS_DEPLOYMENT_TARGET = 15.4;
				MTL_ENABLE_DEBUG_INFO = NO;
				MTL_FAST_MATH = YES;
				SDKROOT = iphoneos;
				SWIFT_COMPILATION_MODE = wholemodule;
				SWIFT_OPTIMIZATION_LEVEL = "-O";
				VALIDATE_PRODUCT = YES;
			};
			name = Release;
		};
		ADB4EF712818D5A800BDAB38 /* Debug */ = {
			isa = XCBuildConfiguration;
			buildSettings = {
				ASSETCATALOG_COMPILER_APPICON_NAME = AppIcon;
				ASSETCATALOG_COMPILER_GLOBAL_ACCENT_COLOR_NAME = AccentColor;
				CODE_SIGN_STYLE = Automatic;
				CURRENT_PROJECT_VERSION = 1;
				DEVELOPMENT_ASSET_PATHS = "\"ListTestTutorial/Preview Content\"";
				DEVELOPMENT_TEAM = XW758S68BG;
				ENABLE_PREVIEWS = YES;
				GENERATE_INFOPLIST_FILE = YES;
				INFOPLIST_KEY_UIApplicationSceneManifest_Generation = YES;
				INFOPLIST_KEY_UIApplicationSupportsIndirectInputEvents = YES;
				INFOPLIST_KEY_UILaunchScreen_Generation = YES;
				INFOPLIST_KEY_UISupportedInterfaceOrientations_iPad = "UIInterfaceOrientationPortrait UIInterfaceOrientationPortraitUpsideDown UIInterfaceOrientationLandscapeLeft UIInterfaceOrientationLandscapeRight";
				INFOPLIST_KEY_UISupportedInterfaceOrientations_iPhone = "UIInterfaceOrientationPortrait UIInterfaceOrientationLandscapeLeft UIInterfaceOrientationLandscapeRight";
				LD_RUNPATH_SEARCH_PATHS = (
					"$(inherited)",
					"@executable_path/Frameworks",
				);
				MARKETING_VERSION = 1.0;
				PRODUCT_BUNDLE_IDENTIFIER = com.mrxx7.ListTestTutorial;
				PRODUCT_NAME = "$(TARGET_NAME)";
				SWIFT_EMIT_LOC_STRINGS = YES;
				SWIFT_VERSION = 5.0;
				TARGETED_DEVICE_FAMILY = "1,2";
			};
			name = Debug;
		};
		ADB4EF722818D5A800BDAB38 /* Release */ = {
			isa = XCBuildConfiguration;
			buildSettings = {
				ASSETCATALOG_COMPILER_APPICON_NAME = AppIcon;
				ASSETCATALOG_COMPILER_GLOBAL_ACCENT_COLOR_NAME = AccentColor;
				CODE_SIGN_STYLE = Automatic;
				CURRENT_PROJECT_VERSION = 1;
				DEVELOPMENT_ASSET_PATHS = "\"ListTestTutorial/Preview Content\"";
				DEVELOPMENT_TEAM = XW758S68BG;
				ENABLE_PREVIEWS = YES;
				GENERATE_INFOPLIST_FILE = YES;
				INFOPLIST_KEY_UIApplicationSceneManifest_Generation = YES;
				INFOPLIST_KEY_UIApplicationSupportsIndirectInputEvents = YES;
				INFOPLIST_KEY_UILaunchScreen_Generation = YES;
				INFOPLIST_KEY_UISupportedInterfaceOrientations_iPad = "UIInterfaceOrientationPortrait UIInterfaceOrientationPortraitUpsideDown UIInterfaceOrientationLandscapeLeft UIInterfaceOrientationLandscapeRight";
				INFOPLIST_KEY_UISupportedInterfaceOrientations_iPhone = "UIInterfaceOrientationPortrait UIInterfaceOrientationLandscapeLeft UIInterfaceOrientationLandscapeRight";
				LD_RUNPATH_SEARCH_PATHS = (
					"$(inherited)",
					"@executable_path/Frameworks",
				);
				MARKETING_VERSION = 1.0;
				PRODUCT_BUNDLE_IDENTIFIER = com.mrxx7.ListTestTutorial;
				PRODUCT_NAME = "$(TARGET_NAME)";
				SWIFT_EMIT_LOC_STRINGS = YES;
				SWIFT_VERSION = 5.0;
				TARGETED_DEVICE_FAMILY = "1,2";
			};
			name = Release;
		};
/* End XCBuildConfiguration section */

/* Begin XCConfigurationList section */
		AD6F129828197D3100EF9C1A /* Build configuration list for PBXNativeTarget "ListTestTutorialTests" */ = {
			isa = XCConfigurationList;
			buildConfigurations = (
				AD6F129928197D3100EF9C1A /* Debug */,
				AD6F129A28197D3100EF9C1A /* Release */,
			);
			defaultConfigurationIsVisible = 0;
			defaultConfigurationName = Release;
		};
		ADB4EF5D2818D5A600BDAB38 /* Build configuration list for PBXProject "ListTestTutorial" */ = {
			isa = XCConfigurationList;
			buildConfigurations = (
				ADB4EF6E2818D5A800BDAB38 /* Debug */,
				ADB4EF6F2818D5A800BDAB38 /* Release */,
			);
			defaultConfigurationIsVisible = 0;
			defaultConfigurationName = Release;
		};
		ADB4EF702818D5A800BDAB38 /* Build configuration list for PBXNativeTarget "ListTestTutorial" */ = {
			isa = XCConfigurationList;
			buildConfigurations = (
				ADB4EF712818D5A800BDAB38 /* Debug */,
				ADB4EF722818D5A800BDAB38 /* Release */,
			);
			defaultConfigurationIsVisible = 0;
			defaultConfigurationName = Release;
		};
/* End XCConfigurationList section */
	};
	rootObject = ADB4EF5A2818D5A600BDAB38 /* Project object */;
}
